
Microsoft Visual Studio Solution File, Format Version 12.00
# Visual Studio Version 16
VisualStudioVersion = 16.0.32228.343
MinimumVisualStudioVersion = 10.0.40219.1
Project("{9A19103F-16F7-4668-BE54-9A1E7A4F7556}") = "Vista", "Vista\Vista.csproj", "{A50AD12E-875C-48AF-B8C5-E88F926A5293}"
EndProject
Project("{9A19103F-16F7-4668-BE54-9A1E7A4F7556}") = "Entidades", "Entidades\Entidades.csproj", "{BA70DD65-C1B3-4083-91B4-1B5D36170073}"
EndProject
Project("{FAE04EC0-301F-11D3-BF4B-00C04F79EFBC}") = "Tests", "Tests\Tests.csproj", "{5A0E0211-CC95-4563-ADAD-8BE1B1CCC4D6}"
EndProject
Global
	GlobalSection(SolutionConfigurationPlatforms) = preSolution
		Debug|Any CPU = Debug|Any CPU
		Release|Any CPU = Release|Any CPU
	EndGlobalSection
	GlobalSection(ProjectConfigurationPlatforms) = postSolution
		{A50AD12E-875C-48AF-B8C5-E88F926A5293}.Debug|Any CPU.ActiveCfg = Debug|Any CPU
		{A50AD12E-875C-48AF-B8C5-E88F926A5293}.Debug|Any CPU.Build.0 = Debug|Any CPU
		{A50AD12E-875C-48AF-B8C5-E88F926A5293}.Release|Any CPU.ActiveCfg = Release|Any CPU
		{A50AD12E-875C-48AF-B8C5-E88F926A5293}.Release|Any CPU.Build.0 = Release|Any CPU
		{BA70DD65-C1B3-4083-91B4-1B5D36170073}.Debug|Any CPU.ActiveCfg = Debug|Any CPU
		{BA70DD65-C1B3-4083-91B4-1B5D36170073}.Debug|Any CPU.Build.0 = Debug|Any CPU
		{BA70DD65-C1B3-4083-91B4-1B5D36170073}.Release|Any CPU.ActiveCfg = Release|Any CPU
		{BA70DD65-C1B3-4083-91B4-1B5D36170073}.Release|Any CPU.Build.0 = Release|Any CPU
		{5A0E0211-CC95-4563-ADAD-8BE1B1CCC4D6}.Debug|Any CPU.ActiveCfg = Debug|Any CPU
		{5A0E0211-CC95-4563-ADAD-8BE1B1CCC4D6}.Debug|Any CPU.Build.0 = Debug|Any CPU
		{5A0E0211-CC95-4563-ADAD-8BE1B1CCC4D6}.Release|Any CPU.ActiveCfg = Release|Any CPU
		{5A0E0211-CC95-4563-ADAD-8BE1B1CCC4D6}.Release|Any CPU.Build.0 = Release|Any CPU
	EndGlobalSection
	GlobalSection(SolutionProperties) = preSolution
		HideSolutionNode = FALSE
	EndGlobalSection
	GlobalSection(ExtensibilityGlobals) = postSolution
		SolutionGuid = {7A422D18-B4A4-4D40-AB7A-B02D1A751330}
	EndGlobalSection
EndGlobal
